// !$*UTF8*$!
{
	archiveVersion = 1;
	classes = {
	};
	objectVersion = 56;
	objects = {

/* Begin PBXBuildFile section */
		883F0E762BE42AE400C7052D /* codeChallengeYapeSwiftUIApp.swift in Sources */ = {isa = PBXBuildFile; fileRef = 883F0E752BE42AE400C7052D /* codeChallengeYapeSwiftUIApp.swift */; };
		883F0E782BE42AE400C7052D /* ContentView.swift in Sources */ = {isa = PBXBuildFile; fileRef = 883F0E772BE42AE400C7052D /* ContentView.swift */; };
		883F0E7A2BE42AE600C7052D /* Assets.xcassets in Resources */ = {isa = PBXBuildFile; fileRef = 883F0E792BE42AE600C7052D /* Assets.xcassets */; };
		883F0E7D2BE42AE600C7052D /* Preview Assets.xcassets in Resources */ = {isa = PBXBuildFile; fileRef = 883F0E7C2BE42AE600C7052D /* Preview Assets.xcassets */; };
		883F0E7F2BE42AE600C7052D /* Persistence.swift in Sources */ = {isa = PBXBuildFile; fileRef = 883F0E7E2BE42AE600C7052D /* Persistence.swift */; };
		883F0E822BE42AE600C7052D /* codeChallengeYapeSwiftUI.xcdatamodeld in Sources */ = {isa = PBXBuildFile; fileRef = 883F0E802BE42AE600C7052D /* codeChallengeYapeSwiftUI.xcdatamodeld */; };
		883F0E8C2BE42AE600C7052D /* codeChallengeYapeSwiftUITests.swift in Sources */ = {isa = PBXBuildFile; fileRef = 883F0E8B2BE42AE600C7052D /* codeChallengeYapeSwiftUITests.swift */; };
		883F0E962BE42AE600C7052D /* codeChallengeYapeSwiftUIUITests.swift in Sources */ = {isa = PBXBuildFile; fileRef = 883F0E952BE42AE600C7052D /* codeChallengeYapeSwiftUIUITests.swift */; };
		883F0E982BE42AE600C7052D /* codeChallengeYapeSwiftUIUITestsLaunchTests.swift in Sources */ = {isa = PBXBuildFile; fileRef = 883F0E972BE42AE600C7052D /* codeChallengeYapeSwiftUIUITestsLaunchTests.swift */; };
		88BDB6CA2BE4378A0091F6E3 /* Recetas.swift in Sources */ = {isa = PBXBuildFile; fileRef = 88BDB6C92BE4378A0091F6E3 /* Recetas.swift */; };
		88BDB6CC2BE439B90091F6E3 /* AddRecipiesView.swift in Sources */ = {isa = PBXBuildFile; fileRef = 88BDB6CB2BE439B90091F6E3 /* AddRecipiesView.swift */; };
/* End PBXBuildFile section */

/* Begin PBXContainerItemProxy section */
		883F0E882BE42AE600C7052D /* PBXContainerItemProxy */ = {
			isa = PBXContainerItemProxy;
			containerPortal = 883F0E6A2BE42AE400C7052D /* Project object */;
			proxyType = 1;
			remoteGlobalIDString = 883F0E712BE42AE400C7052D;
			remoteInfo = codeChallengeYapeSwiftUI;
		};
		883F0E922BE42AE600C7052D /* PBXContainerItemProxy */ = {
			isa = PBXContainerItemProxy;
			containerPortal = 883F0E6A2BE42AE400C7052D /* Project object */;
			proxyType = 1;
			remoteGlobalIDString = 883F0E712BE42AE400C7052D;
			remoteInfo = codeChallengeYapeSwiftUI;
		};
/* End PBXContainerItemProxy section */

/* Begin PBXFileReference section */
		883F0E722BE42AE400C7052D /* codeChallengeYapeSwiftUI.app */ = {isa = PBXFileReference; explicitFileType = wrapper.application; includeInIndex = 0; path = codeChallengeYapeSwiftUI.app; sourceTree = BUILT_PRODUCTS_DIR; };
		883F0E752BE42AE400C7052D /* codeChallengeYapeSwiftUIApp.swift */ = {isa = PBXFileReference; lastKnownFileType = sourcecode.swift; path = codeChallengeYapeSwiftUIApp.swift; sourceTree = "<group>"; };
		883F0E772BE42AE400C7052D /* ContentView.swift */ = {isa = PBXFileReference; lastKnownFileType = sourcecode.swift; path = ContentView.swift; sourceTree = "<group>"; };
		883F0E792BE42AE600C7052D /* Assets.xcassets */ = {isa = PBXFileReference; lastKnownFileType = folder.assetcatalog; path = Assets.xcassets; sourceTree = "<group>"; };
		883F0E7C2BE42AE600C7052D /* Preview Assets.xcassets */ = {isa = PBXFileReference; lastKnownFileType = folder.assetcatalog; path = "Preview Assets.xcassets"; sourceTree = "<group>"; };
		883F0E7E2BE42AE600C7052D /* Persistence.swift */ = {isa = PBXFileReference; lastKnownFileType = sourcecode.swift; path = Persistence.swift; sourceTree = "<group>"; };
		883F0E812BE42AE600C7052D /* codeChallengeYapeSwiftUI.xcdatamodel */ = {isa = PBXFileReference; lastKnownFileType = wrapper.xcdatamodel; path = codeChallengeYapeSwiftUI.xcdatamodel; sourceTree = "<group>"; };
		883F0E872BE42AE600C7052D /* codeChallengeYapeSwiftUITests.xctest */ = {isa = PBXFileReference; explicitFileType = wrapper.cfbundle; includeInIndex = 0; path = codeChallengeYapeSwiftUITests.xctest; sourceTree = BUILT_PRODUCTS_DIR; };
		883F0E8B2BE42AE600C7052D /* codeChallengeYapeSwiftUITests.swift */ = {isa = PBXFileReference; lastKnownFileType = sourcecode.swift; path = codeChallengeYapeSwiftUITests.swift; sourceTree = "<group>"; };
		883F0E912BE42AE600C7052D /* codeChallengeYapeSwiftUIUITests.xctest */ = {isa = PBXFileReference; explicitFileType = wrapper.cfbundle; includeInIndex = 0; path = codeChallengeYapeSwiftUIUITests.xctest; sourceTree = BUILT_PRODUCTS_DIR; };
		883F0E952BE42AE600C7052D /* codeChallengeYapeSwiftUIUITests.swift */ = {isa = PBXFileReference; lastKnownFileType = sourcecode.swift; path = codeChallengeYapeSwiftUIUITests.swift; sourceTree = "<group>"; };
		883F0E972BE42AE600C7052D /* codeChallengeYapeSwiftUIUITestsLaunchTests.swift */ = {isa = PBXFileReference; lastKnownFileType = sourcecode.swift; path = codeChallengeYapeSwiftUIUITestsLaunchTests.swift; sourceTree = "<group>"; };
		88BDB6C92BE4378A0091F6E3 /* Recetas.swift */ = {isa = PBXFileReference; lastKnownFileType = sourcecode.swift; path = Recetas.swift; sourceTree = "<group>"; };
		88BDB6CB2BE439B90091F6E3 /* AddRecipiesView.swift */ = {isa = PBXFileReference; lastKnownFileType = sourcecode.swift; path = AddRecipiesView.swift; sourceTree = "<group>"; };
/* End PBXFileReference section */

/* Begin PBXFrameworksBuildPhase section */
		883F0E6F2BE42AE400C7052D /* Frameworks */ = {
			isa = PBXFrameworksBuildPhase;
			buildActionMask = 2147483647;
			files = (
			);
			runOnlyForDeploymentPostprocessing = 0;
		};
		883F0E842BE42AE600C7052D /* Frameworks */ = {
			isa = PBXFrameworksBuildPhase;
			buildActionMask = 2147483647;
			files = (
			);
			runOnlyForDeploymentPostprocessing = 0;
		};
		883F0E8E2BE42AE600C7052D /* Frameworks */ = {
			isa = PBXFrameworksBuildPhase;
			buildActionMask = 2147483647;
			files = (
			);
			runOnlyForDeploymentPostprocessing = 0;
		};
/* End PBXFrameworksBuildPhase section */

/* Begin PBXGroup section */
		883F0E692BE42AE400C7052D = {
			isa = PBXGroup;
			children = (
				883F0E742BE42AE400C7052D /* codeChallengeYapeSwiftUI */,
				883F0E8A2BE42AE600C7052D /* codeChallengeYapeSwiftUITests */,
				883F0E942BE42AE600C7052D /* codeChallengeYapeSwiftUIUITests */,
				883F0E732BE42AE400C7052D /* Products */,
			);
			sourceTree = "<group>";
		};
		883F0E732BE42AE400C7052D /* Products */ = {
			isa = PBXGroup;
			children = (
				883F0E722BE42AE400C7052D /* codeChallengeYapeSwiftUI.app */,
				883F0E872BE42AE600C7052D /* codeChallengeYapeSwiftUITests.xctest */,
				883F0E912BE42AE600C7052D /* codeChallengeYapeSwiftUIUITests.xctest */,
			);
			name = Products;
			sourceTree = "<group>";
		};
		883F0E742BE42AE400C7052D /* codeChallengeYapeSwiftUI */ = {
			isa = PBXGroup;
			children = (
				88BDB6C62BE436B60091F6E3 /* Model */,
				88BDB6C72BE436C00091F6E3 /* Views */,
				88BDB6C82BE436C70091F6E3 /* ViewModel */,
				883F0E752BE42AE400C7052D /* codeChallengeYapeSwiftUIApp.swift */,
				883F0E772BE42AE400C7052D /* ContentView.swift */,
				883F0E792BE42AE600C7052D /* Assets.xcassets */,
				883F0E7E2BE42AE600C7052D /* Persistence.swift */,
				883F0E802BE42AE600C7052D /* codeChallengeYapeSwiftUI.xcdatamodeld */,
				883F0E7B2BE42AE600C7052D /* Preview Content */,
			);
			path = codeChallengeYapeSwiftUI;
			sourceTree = "<group>";
		};
		883F0E7B2BE42AE600C7052D /* Preview Content */ = {
			isa = PBXGroup;
			children = (
				883F0E7C2BE42AE600C7052D /* Preview Assets.xcassets */,
			);
			path = "Preview Content";
			sourceTree = "<group>";
		};
		883F0E8A2BE42AE600C7052D /* codeChallengeYapeSwiftUITests */ = {
			isa = PBXGroup;
			children = (
				883F0E8B2BE42AE600C7052D /* codeChallengeYapeSwiftUITests.swift */,
			);
			path = codeChallengeYapeSwiftUITests;
			sourceTree = "<group>";
		};
		883F0E942BE42AE600C7052D /* codeChallengeYapeSwiftUIUITests */ = {
			isa = PBXGroup;
			children = (
				883F0E952BE42AE600C7052D /* codeChallengeYapeSwiftUIUITests.swift */,
				883F0E972BE42AE600C7052D /* codeChallengeYapeSwiftUIUITestsLaunchTests.swift */,
			);
			path = codeChallengeYapeSwiftUIUITests;
			sourceTree = "<group>";
		};
		88BDB6C62BE436B60091F6E3 /* Model */ = {
			isa = PBXGroup;
			children = (
				88BDB6C92BE4378A0091F6E3 /* Recetas.swift */,
			);
			path = Model;
			sourceTree = "<group>";
		};
		88BDB6C72BE436C00091F6E3 /* Views */ = {
			isa = PBXGroup;
			children = (
				88BDB6CB2BE439B90091F6E3 /* AddRecipiesView.swift */,
			);
			path = Views;
			sourceTree = "<group>";
		};
		88BDB6C82BE436C70091F6E3 /* ViewModel */ = {
			isa = PBXGroup;
			children = (
			);
			path = ViewModel;
			sourceTree = "<group>";
		};
/* End PBXGroup section */

/* Begin PBXNativeTarget section */
		883F0E712BE42AE400C7052D /* codeChallengeYapeSwiftUI */ = {
			isa = PBXNativeTarget;
			buildConfigurationList = 883F0E9B2BE42AE600C7052D /* Build configuration list for PBXNativeTarget "codeChallengeYapeSwiftUI" */;
			buildPhases = (
				883F0E6E2BE42AE400C7052D /* Sources */,
				883F0E6F2BE42AE400C7052D /* Frameworks */,
				883F0E702BE42AE400C7052D /* Resources */,
			);
			buildRules = (
			);
			dependencies = (
			);
			name = codeChallengeYapeSwiftUI;
			productName = codeChallengeYapeSwiftUI;
			productReference = 883F0E722BE42AE400C7052D /* codeChallengeYapeSwiftUI.app */;
			productType = "com.apple.product-type.application";
		};
		883F0E862BE42AE600C7052D /* codeChallengeYapeSwiftUITests */ = {
			isa = PBXNativeTarget;
			buildConfigurationList = 883F0E9E2BE42AE600C7052D /* Build configuration list for PBXNativeTarget "codeChallengeYapeSwiftUITests" */;
			buildPhases = (
				883F0E832BE42AE600C7052D /* Sources */,
				883F0E842BE42AE600C7052D /* Frameworks */,
				883F0E852BE42AE600C7052D /* Resources */,
			);
			buildRules = (
			);
			dependencies = (
				883F0E892BE42AE600C7052D /* PBXTargetDependency */,
			);
			name = codeChallengeYapeSwiftUITests;
			productName = codeChallengeYapeSwiftUITests;
			productReference = 883F0E872BE42AE600C7052D /* codeChallengeYapeSwiftUITests.xctest */;
			productType = "com.apple.product-type.bundle.unit-test";
		};
		883F0E902BE42AE600C7052D /* codeChallengeYapeSwiftUIUITests */ = {
			isa = PBXNativeTarget;
			buildConfigurationList = 883F0EA12BE42AE600C7052D /* Build configuration list for PBXNativeTarget "codeChallengeYapeSwiftUIUITests" */;
			buildPhases = (
				883F0E8D2BE42AE600C7052D /* Sources */,
				883F0E8E2BE42AE600C7052D /* Frameworks */,
				883F0E8F2BE42AE600C7052D /* Resources */,
			);
			buildRules = (
			);
			dependencies = (
				883F0E932BE42AE600C7052D /* PBXTargetDependency */,
			);
			name = codeChallengeYapeSwiftUIUITests;
			productName = codeChallengeYapeSwiftUIUITests;
			productReference = 883F0E912BE42AE600C7052D /* codeChallengeYapeSwiftUIUITests.xctest */;
			productType = "com.apple.product-type.bundle.ui-testing";
		};
/* End PBXNativeTarget section */

/* Begin PBXProject section */
		883F0E6A2BE42AE400C7052D /* Project object */ = {
			isa = PBXProject;
			attributes = {
				BuildIndependentTargetsInParallel = 1;
				LastSwiftUpdateCheck = 1520;
				LastUpgradeCheck = 1520;
				TargetAttributes = {
					883F0E712BE42AE400C7052D = {
						CreatedOnToolsVersion = 15.2;
					};
					883F0E862BE42AE600C7052D = {
						CreatedOnToolsVersion = 15.2;
						TestTargetID = 883F0E712BE42AE400C7052D;
					};
					883F0E902BE42AE600C7052D = {
						CreatedOnToolsVersion = 15.2;
						TestTargetID = 883F0E712BE42AE400C7052D;
					};
				};
			};
			buildConfigurationList = 883F0E6D2BE42AE400C7052D /* Build configuration list for PBXProject "codeChallengeYapeSwiftUI" */;
			compatibilityVersion = "Xcode 14.0";
			developmentRegion = en;
			hasScannedForEncodings = 0;
			knownRegions = (
				en,
				Base,
			);
			mainGroup = 883F0E692BE42AE400C7052D;
			productRefGroup = 883F0E732BE42AE400C7052D /* Products */;
			projectDirPath = "";
			projectRoot = "";
			targets = (
				883F0E712BE42AE400C7052D /* codeChallengeYapeSwiftUI */,
				883F0E862BE42AE600C7052D /* codeChallengeYapeSwiftUITests */,
				883F0E902BE42AE600C7052D /* codeChallengeYapeSwiftUIUITests */,
			);
		};
/* End PBXProject section */

/* Begin PBXResourcesBuildPhase section */
		883F0E702BE42AE400C7052D /* Resources */ = {
			isa = PBXResourcesBuildPhase;
			buildActionMask = 2147483647;
			files = (
				883F0E7D2BE42AE600C7052D /* Preview Assets.xcassets in Resources */,
				883F0E7A2BE42AE600C7052D /* Assets.xcassets in Resources */,
			);
			runOnlyForDeploymentPostprocessing = 0;
		};
		883F0E852BE42AE600C7052D /* Resources */ = {
			isa = PBXResourcesBuildPhase;
			buildActionMask = 2147483647;
			files = (
			);
			runOnlyForDeploymentPostprocessing = 0;
		};
		883F0E8F2BE42AE600C7052D /* Resources */ = {
			isa = PBXResourcesBuildPhase;
			buildActionMask = 2147483647;
			files = (
			);
			runOnlyForDeploymentPostprocessing = 0;
		};
/* End PBXResourcesBuildPhase section */

/* Begin PBXSourcesBuildPhase section */
		883F0E6E2BE42AE400C7052D /* Sources */ = {
			isa = PBXSourcesBuildPhase;
			buildActionMask = 2147483647;
			files = (
				883F0E7F2BE42AE600C7052D /* Persistence.swift in Sources */,
				883F0E822BE42AE600C7052D /* codeChallengeYapeSwiftUI.xcdatamodeld in Sources */,
				883F0E782BE42AE400C7052D /* ContentView.swift in Sources */,
				883F0E762BE42AE400C7052D /* codeChallengeYapeSwiftUIApp.swift in Sources */,
				88BDB6CC2BE439B90091F6E3 /* AddRecipiesView.swift in Sources */,
				88BDB6CA2BE4378A0091F6E3 /* Recetas.swift in Sources */,
			);
			runOnlyForDeploymentPostprocessing = 0;
		};
		883F0E832BE42AE600C7052D /* Sources */ = {
			isa = PBXSourcesBuildPhase;
			buildActionMask = 2147483647;
			files = (
				883F0E8C2BE42AE600C7052D /* codeChallengeYapeSwiftUITests.swift in Sources */,
			);
			runOnlyForDeploymentPostprocessing = 0;
		};
		883F0E8D2BE42AE600C7052D /* Sources */ = {
			isa = PBXSourcesBuildPhase;
			buildActionMask = 2147483647;
			files = (
				883F0E982BE42AE600C7052D /* codeChallengeYapeSwiftUIUITestsLaunchTests.swift in Sources */,
				883F0E962BE42AE600C7052D /* codeChallengeYapeSwiftUIUITests.swift in Sources */,
			);
			runOnlyForDeploymentPostprocessing = 0;
		};
/* End PBXSourcesBuildPhase section */

/* Begin PBXTargetDependency section */
		883F0E892BE42AE600C7052D /* PBXTargetDependency */ = {
			isa = PBXTargetDependency;
			target = 883F0E712BE42AE400C7052D /* codeChallengeYapeSwiftUI */;
			targetProxy = 883F0E882BE42AE600C7052D /* PBXContainerItemProxy */;
		};
		883F0E932BE42AE600C7052D /* PBXTargetDependency */ = {
			isa = PBXTargetDependency;
			target = 883F0E712BE42AE400C7052D /* codeChallengeYapeSwiftUI */;
			targetProxy = 883F0E922BE42AE600C7052D /* PBXContainerItemProxy */;
		};
/* End PBXTargetDependency section */

/* Begin XCBuildConfiguration section */
		883F0E992BE42AE600C7052D /* Debug */ = {
			isa = XCBuildConfiguration;
			buildSettings = {
				ALWAYS_SEARCH_USER_PATHS = NO;
				ASSETCATALOG_COMPILER_GENERATE_SWIFT_ASSET_SYMBOL_EXTENSIONS = YES;
				CLANG_ANALYZER_NONNULL = YES;
				CLANG_ANALYZER_NUMBER_OBJECT_CONVERSION = YES_AGGRESSIVE;
				CLANG_CXX_LANGUAGE_STANDARD = "gnu++20";
				CLANG_ENABLE_MODULES = YES;
				CLANG_ENABLE_OBJC_ARC = YES;
				CLANG_ENABLE_OBJC_WEAK = YES;
				CLANG_WARN_BLOCK_CAPTURE_AUTORELEASING = YES;
				CLANG_WARN_BOOL_CONVERSION = YES;
				CLANG_WARN_COMMA = YES;
				CLANG_WARN_CONSTANT_CONVERSION = YES;
				CLANG_WARN_DEPRECATED_OBJC_IMPLEMENTATIONS = YES;
				CLANG_WARN_DIRECT_OBJC_ISA_USAGE = YES_ERROR;
				CLANG_WARN_DOCUMENTATION_COMMENTS = YES;
				CLANG_WARN_EMPTY_BODY = YES;
				CLANG_WARN_ENUM_CONVERSION = YES;
				CLANG_WARN_INFINITE_RECURSION = YES;
				CLANG_WARN_INT_CONVERSION = YES;
				CLANG_WARN_NON_LITERAL_NULL_CONVERSION = YES;
				CLANG_WARN_OBJC_IMPLICIT_RETAIN_SELF = YES;
				CLANG_WARN_OBJC_LITERAL_CONVERSION = YES;
				CLANG_WARN_OBJC_ROOT_CLASS = YES_ERROR;
				CLANG_WARN_QUOTED_INCLUDE_IN_FRAMEWORK_HEADER = YES;
				CLANG_WARN_RANGE_LOOP_ANALYSIS = YES;
				CLANG_WARN_STRICT_PROTOTYPES = YES;
				CLANG_WARN_SUSPICIOUS_MOVE = YES;
				CLANG_WARN_UNGUARDED_AVAILABILITY = YES_AGGRESSIVE;
				CLANG_WARN_UNREACHABLE_CODE = YES;
				CLANG_WARN__DUPLICATE_METHOD_MATCH = YES;
				COPY_PHASE_STRIP = NO;
				DEBUG_INFORMATION_FORMAT = dwarf;
				ENABLE_STRICT_OBJC_MSGSEND = YES;
				ENABLE_TESTABILITY = YES;
				ENABLE_USER_SCRIPT_SANDBOXING = YES;
				GCC_C_LANGUAGE_STANDARD = gnu17;
				GCC_DYNAMIC_NO_PIC = NO;
				GCC_NO_COMMON_BLOCKS = YES;
				GCC_OPTIMIZATION_LEVEL = 0;
				GCC_PREPROCESSOR_DEFINITIONS = (
					"DEBUG=1",
					"$(inherited)",
				);
				GCC_WARN_64_TO_32_BIT_CONVERSION = YES;
				GCC_WARN_ABOUT_RETURN_TYPE = YES_ERROR;
				GCC_WARN_UNDECLARED_SELECTOR = YES;
				GCC_WARN_UNINITIALIZED_AUTOS = YES_AGGRESSIVE;
				GCC_WARN_UNUSED_FUNCTION = YES;
				GCC_WARN_UNUSED_VARIABLE = YES;
				IPHONEOS_DEPLOYMENT_TARGET = 17.2;
				LOCALIZATION_PREFERS_STRING_CATALOGS = YES;
				MTL_ENABLE_DEBUG_INFO = INCLUDE_SOURCE;
				MTL_FAST_MATH = YES;
				ONLY_ACTIVE_ARCH = YES;
				SDKROOT = iphoneos;
				SWIFT_ACTIVE_COMPILATION_CONDITIONS = "DEBUG $(inherited)";
				SWIFT_OPTIMIZATION_LEVEL = "-Onone";
			};
			name = Debug;
		};
		883F0E9A2BE42AE600C7052D /* Release */ = {
			isa = XCBuildConfiguration;
			buildSettings = {
				ALWAYS_SEARCH_USER_PATHS = NO;
				ASSETCATALOG_COMPILER_GENERATE_SWIFT_ASSET_SYMBOL_EXTENSIONS = YES;
				CLANG_ANALYZER_NONNULL = YES;
				CLANG_ANALYZER_NUMBER_OBJECT_CONVERSION = YES_AGGRESSIVE;
				CLANG_CXX_LANGUAGE_STANDARD = "gnu++20";
				CLANG_ENABLE_MODULES = YES;
				CLANG_ENABLE_OBJC_ARC = YES;
				CLANG_ENABLE_OBJC_WEAK = YES;
				CLANG_WARN_BLOCK_CAPTURE_AUTORELEASING = YES;
				CLANG_WARN_BOOL_CONVERSION = YES;
				CLANG_WARN_COMMA = YES;
				CLANG_WARN_CONSTANT_CONVERSION = YES;
				CLANG_WARN_DEPRECATED_OBJC_IMPLEMENTATIONS = YES;
				CLANG_WARN_DIRECT_OBJC_ISA_USAGE = YES_ERROR;
				CLANG_WARN_DOCUMENTATION_COMMENTS = YES;
				CLANG_WARN_EMPTY_BODY = YES;
				CLANG_WARN_ENUM_CONVERSION = YES;
				CLANG_WARN_INFINITE_RECURSION = YES;
				CLANG_WARN_INT_CONVERSION = YES;
				CLANG_WARN_NON_LITERAL_NULL_CONVERSION = YES;
				CLANG_WARN_OBJC_IMPLICIT_RETAIN_SELF = YES;
				CLANG_WARN_OBJC_LITERAL_CONVERSION = YES;
				CLANG_WARN_OBJC_ROOT_CLASS = YES_ERROR;
				CLANG_WARN_QUOTED_INCLUDE_IN_FRAMEWORK_HEADER = YES;
				CLANG_WARN_RANGE_LOOP_ANALYSIS = YES;
				CLANG_WARN_STRICT_PROTOTYPES = YES;
				CLANG_WARN_SUSPICIOUS_MOVE = YES;
				CLANG_WARN_UNGUARDED_AVAILABILITY = YES_AGGRESSIVE;
				CLANG_WARN_UNREACHABLE_CODE = YES;
				CLANG_WARN__DUPLICATE_METHOD_MATCH = YES;
				COPY_PHASE_STRIP = NO;
				DEBUG_INFORMATION_FORMAT = "dwarf-with-dsym";
				ENABLE_NS_ASSERTIONS = NO;
				ENABLE_STRICT_OBJC_MSGSEND = YES;
				ENABLE_USER_SCRIPT_SANDBOXING = YES;
				GCC_C_LANGUAGE_STANDARD = gnu17;
				GCC_NO_COMMON_BLOCKS = YES;
				GCC_WARN_64_TO_32_BIT_CONVERSION = YES;
				GCC_WARN_ABOUT_RETURN_TYPE = YES_ERROR;
				GCC_WARN_UNDECLARED_SELECTOR = YES;
				GCC_WARN_UNINITIALIZED_AUTOS = YES_AGGRESSIVE;
				GCC_WARN_UNUSED_FUNCTION = YES;
				GCC_WARN_UNUSED_VARIABLE = YES;
				IPHONEOS_DEPLOYMENT_TARGET = 17.2;
				LOCALIZATION_PREFERS_STRING_CATALOGS = YES;
				MTL_ENABLE_DEBUG_INFO = NO;
				MTL_FAST_MATH = YES;
				SDKROOT = iphoneos;
				SWIFT_COMPILATION_MODE = wholemodule;
				VALIDATE_PRODUCT = YES;
			};
			name = Release;
		};
		883F0E9C2BE42AE600C7052D /* Debug */ = {
			isa = XCBuildConfiguration;
			buildSettings = {
				ASSETCATALOG_COMPILER_APPICON_NAME = AppIcon;
				ASSETCATALOG_COMPILER_GLOBAL_ACCENT_COLOR_NAME = AccentColor;
				CODE_SIGN_STYLE = Automatic;
				CURRENT_PROJECT_VERSION = 1;
				DEVELOPMENT_ASSET_PATHS = "\"codeChallengeYapeSwiftUI/Preview Content\"";
				ENABLE_PREVIEWS = YES;
				GENERATE_INFOPLIST_FILE = YES;
				INFOPLIST_KEY_UIApplicationSceneManifest_Generation = YES;
				INFOPLIST_KEY_UIApplicationSupportsIndirectInputEvents = YES;
				INFOPLIST_KEY_UILaunchScreen_Generation = YES;
				INFOPLIST_KEY_UISupportedInterfaceOrientations_iPad = "UIInterfaceOrientationPortrait UIInterfaceOrientationPortraitUpsideDown UIInterfaceOrientationLandscapeLeft UIInterfaceOrientationLandscapeRight";
				INFOPLIST_KEY_UISupportedInterfaceOrientations_iPhone = "UIInterfaceOrientationPortrait UIInterfaceOrientationLandscapeLeft UIInterfaceOrientationLandscapeRight";
				LD_RUNPATH_SEARCH_PATHS = (
					"$(inherited)",
					"@executable_path/Frameworks",
				);
				MARKETING_VERSION = 1.0;
				PRODUCT_BUNDLE_IDENTIFIER = practice.codeChallengeYapeSwiftUI;
				PRODUCT_NAME = "$(TARGET_NAME)";
				SWIFT_EMIT_LOC_STRINGS = YES;
				SWIFT_VERSION = 5.0;
				TARGETED_DEVICE_FAMILY = "1,2";
			};
			name = Debug;
		};
		883F0E9D2BE42AE600C7052D /* Release */ = {
			isa = XCBuildConfiguration;
			buildSettings = {
				ASSETCATALOG_COMPILER_APPICON_NAME = AppIcon;
				ASSETCATALOG_COMPILER_GLOBAL_ACCENT_COLOR_NAME = AccentColor;
				CODE_SIGN_STYLE = Automatic;
				CURRENT_PROJECT_VERSION = 1;
				DEVELOPMENT_ASSET_PATHS = "\"codeChallengeYapeSwiftUI/Preview Content\"";
				ENABLE_PREVIEWS = YES;
				GENERATE_INFOPLIST_FILE = YES;
				INFOPLIST_KEY_UIApplicationSceneManifest_Generation = YES;
				INFOPLIST_KEY_UIApplicationSupportsIndirectInputEvents = YES;
				INFOPLIST_KEY_UILaunchScreen_Generation = YES;
				INFOPLIST_KEY_UISupportedInterfaceOrientations_iPad = "UIInterfaceOrientationPortrait UIInterfaceOrientationPortraitUpsideDown UIInterfaceOrientationLandscapeLeft UIInterfaceOrientationLandscapeRight";
				INFOPLIST_KEY_UISupportedInterfaceOrientations_iPhone = "UIInterfaceOrientationPortrait UIInterfaceOrientationLandscapeLeft UIInterfaceOrientationLandscapeRight";
				LD_RUNPATH_SEARCH_PATHS = (
					"$(inherited)",
					"@executable_path/Frameworks",
				);
				MARKETING_VERSION = 1.0;
				PRODUCT_BUNDLE_IDENTIFIER = practice.codeChallengeYapeSwiftUI;
				PRODUCT_NAME = "$(TARGET_NAME)";
				SWIFT_EMIT_LOC_STRINGS = YES;
				SWIFT_VERSION = 5.0;
				TARGETED_DEVICE_FAMILY = "1,2";
			};
			name = Release;
		};
		883F0E9F2BE42AE600C7052D /* Debug */ = {
			isa = XCBuildConfiguration;
			buildSettings = {
				ALWAYS_EMBED_SWIFT_STANDARD_LIBRARIES = YES;
				BUNDLE_LOADER = "$(TEST_HOST)";
				CODE_SIGN_STYLE = Automatic;
				CURRENT_PROJECT_VERSION = 1;
				GENERATE_INFOPLIST_FILE = YES;
				IPHONEOS_DEPLOYMENT_TARGET = 17.2;
				MARKETING_VERSION = 1.0;
				PRODUCT_BUNDLE_IDENTIFIER = practice.codeChallengeYapeSwiftUITests;
				PRODUCT_NAME = "$(TARGET_NAME)";
				SWIFT_EMIT_LOC_STRINGS = NO;
				SWIFT_VERSION = 5.0;
				TARGETED_DEVICE_FAMILY = "1,2";
				TEST_HOST = "$(BUILT_PRODUCTS_DIR)/codeChallengeYapeSwiftUI.app/$(BUNDLE_EXECUTABLE_FOLDER_PATH)/codeChallengeYapeSwiftUI";
			};
			name = Debug;
		};
		883F0EA02BE42AE600C7052D /* Release */ = {
			isa = XCBuildConfiguration;
			buildSettings = {
				ALWAYS_EMBED_SWIFT_STANDARD_LIBRARIES = YES;
				BUNDLE_LOADER = "$(TEST_HOST)";
				CODE_SIGN_STYLE = Automatic;
				CURRENT_PROJECT_VERSION = 1;
				GENERATE_INFOPLIST_FILE = YES;
				IPHONEOS_DEPLOYMENT_TARGET = 17.2;
				MARKETING_VERSION = 1.0;
				PRODUCT_BUNDLE_IDENTIFIER = practice.codeChallengeYapeSwiftUITests;
				PRODUCT_NAME = "$(TARGET_NAME)";
				SWIFT_EMIT_LOC_STRINGS = NO;
				SWIFT_VERSION = 5.0;
				TARGETED_DEVICE_FAMILY = "1,2";
				TEST_HOST = "$(BUILT_PRODUCTS_DIR)/codeChallengeYapeSwiftUI.app/$(BUNDLE_EXECUTABLE_FOLDER_PATH)/codeChallengeYapeSwiftUI";
			};
			name = Release;
		};
		883F0EA22BE42AE600C7052D /* Debug */ = {
			isa = XCBuildConfiguration;
			buildSettings = {
				ALWAYS_EMBED_SWIFT_STANDARD_LIBRARIES = YES;
				CODE_SIGN_STYLE = Automatic;
				CURRENT_PROJECT_VERSION = 1;
				GENERATE_INFOPLIST_FILE = YES;
				MARKETING_VERSION = 1.0;
				PRODUCT_BUNDLE_IDENTIFIER = practice.codeChallengeYapeSwiftUIUITests;
				PRODUCT_NAME = "$(TARGET_NAME)";
				SWIFT_EMIT_LOC_STRINGS = NO;
				SWIFT_VERSION = 5.0;
				TARGETED_DEVICE_FAMILY = "1,2";
				TEST_TARGET_NAME = codeChallengeYapeSwiftUI;
			};
			name = Debug;
		};
		883F0EA32BE42AE600C7052D /* Release */ = {
			isa = XCBuildConfiguration;
			buildSettings = {
				ALWAYS_EMBED_SWIFT_STANDARD_LIBRARIES = YES;
				CODE_SIGN_STYLE = Automatic;
				CURRENT_PROJECT_VERSION = 1;
				GENERATE_INFOPLIST_FILE = YES;
				MARKETING_VERSION = 1.0;
				PRODUCT_BUNDLE_IDENTIFIER = practice.codeChallengeYapeSwiftUIUITests;
				PRODUCT_NAME = "$(TARGET_NAME)";
				SWIFT_EMIT_LOC_STRINGS = NO;
				SWIFT_VERSION = 5.0;
				TARGETED_DEVICE_FAMILY = "1,2";
				TEST_TARGET_NAME = codeChallengeYapeSwiftUI;
			};
			name = Release;
		};
/* End XCBuildConfiguration section */

/* Begin XCConfigurationList section */
		883F0E6D2BE42AE400C7052D /* Build configuration list for PBXProject "codeChallengeYapeSwiftUI" */ = {
			isa = XCConfigurationList;
			buildConfigurations = (
				883F0E992BE42AE600C7052D /* Debug */,
				883F0E9A2BE42AE600C7052D /* Release */,
			);
			defaultConfigurationIsVisible = 0;
			defaultConfigurationName = Release;
		};
		883F0E9B2BE42AE600C7052D /* Build configuration list for PBXNativeTarget "codeChallengeYapeSwiftUI" */ = {
			isa = XCConfigurationList;
			buildConfigurations = (
				883F0E9C2BE42AE600C7052D /* Debug */,
				883F0E9D2BE42AE600C7052D /* Release */,
			);
			defaultConfigurationIsVisible = 0;
			defaultConfigurationName = Release;
		};
		883F0E9E2BE42AE600C7052D /* Build configuration list for PBXNativeTarget "codeChallengeYapeSwiftUITests" */ = {
			isa = XCConfigurationList;
			buildConfigurations = (
				883F0E9F2BE42AE600C7052D /* Debug */,
				883F0EA02BE42AE600C7052D /* Release */,
			);
			defaultConfigurationIsVisible = 0;
			defaultConfigurationName = Release;
		};
		883F0EA12BE42AE600C7052D /* Build configuration list for PBXNativeTarget "codeChallengeYapeSwiftUIUITests" */ = {
			isa = XCConfigurationList;
			buildConfigurations = (
				883F0EA22BE42AE600C7052D /* Debug */,
				883F0EA32BE42AE600C7052D /* Release */,
			);
			defaultConfigurationIsVisible = 0;
			defaultConfigurationName = Release;
		};
/* End XCConfigurationList section */

/* Begin XCVersionGroup section */
		883F0E802BE42AE600C7052D /* codeChallengeYapeSwiftUI.xcdatamodeld */ = {
			isa = XCVersionGroup;
			children = (
				883F0E812BE42AE600C7052D /* codeChallengeYapeSwiftUI.xcdatamodel */,
			);
			currentVersion = 883F0E812BE42AE600C7052D /* codeChallengeYapeSwiftUI.xcdatamodel */;
			path = codeChallengeYapeSwiftUI.xcdatamodeld;
			sourceTree = "<group>";
			versionGroupType = wrapper.xcdatamodel;
		};
/* End XCVersionGroup section */
	};
	rootObject = 883F0E6A2BE42AE400C7052D /* Project object */;
}
